
Microsoft Visual Studio Solution File, Format Version 12.00
# Visual Studio Version 16
VisualStudioVersion = 16.0.29905.134
MinimumVisualStudioVersion = 10.0.40219.1
Project("{FAE04EC0-301F-11D3-BF4B-00C04F79EFBC}") = "vezbi_loops_01", "vezbi_loops_01\vezbi_loops_01.csproj", "{2E785E5C-3FEB-48D2-8D18-E45AC7670776}"
EndProject
Global
	GlobalSection(SolutionConfigurationPlatforms) = preSolution
		Debug|Any CPU = Debug|Any CPU
		Release|Any CPU = Release|Any CPU
	EndGlobalSection
	GlobalSection(ProjectConfigurationPlatforms) = postSolution
		{2E785E5C-3FEB-48D2-8D18-E45AC7670776}.Debug|Any CPU.ActiveCfg = Debug|Any CPU
		{2E785E5C-3FEB-48D2-8D18-E45AC7670776}.Debug|Any CPU.Build.0 = Debug|Any CPU
		{2E785E5C-3FEB-48D2-8D18-E45AC7670776}.Release|Any CPU.ActiveCfg = Release|Any CPU
		{2E785E5C-3FEB-48D2-8D18-E45AC7670776}.Release|Any CPU.Build.0 = Release|Any CPU
	EndGlobalSection
	GlobalSection(SolutionProperties) = preSolution
		HideSolutionNode = FALSE
	EndGlobalSection
	GlobalSection(ExtensibilityGlobals) = postSolution
		SolutionGuid = {549CE208-6A8D-4466-AFF9-8BEDD69E3F0E}
	EndGlobalSection
EndGlobal
