
Microsoft Visual Studio Solution File, Format Version 12.00
# Visual Studio Version 16
VisualStudioVersion = 16.0.29905.134
MinimumVisualStudioVersion = 10.0.40219.1
Project("{FAE04EC0-301F-11D3-BF4B-00C04F79EFBC}") = "class01", "class01\class01.csproj", "{87F4FCB2-D857-42F5-9783-186CC4A8F549}"
EndProject
Global
	GlobalSection(SolutionConfigurationPlatforms) = preSolution
		Debug|Any CPU = Debug|Any CPU
		Release|Any CPU = Release|Any CPU
	EndGlobalSection
	GlobalSection(ProjectConfigurationPlatforms) = postSolution
		{87F4FCB2-D857-42F5-9783-186CC4A8F549}.Debug|Any CPU.ActiveCfg = Debug|Any CPU
		{87F4FCB2-D857-42F5-9783-186CC4A8F549}.Debug|Any CPU.Build.0 = Debug|Any CPU
		{87F4FCB2-D857-42F5-9783-186CC4A8F549}.Release|Any CPU.ActiveCfg = Release|Any CPU
		{87F4FCB2-D857-42F5-9783-186CC4A8F549}.Release|Any CPU.Build.0 = Release|Any CPU
	EndGlobalSection
	GlobalSection(SolutionProperties) = preSolution
		HideSolutionNode = FALSE
	EndGlobalSection
	GlobalSection(ExtensibilityGlobals) = postSolution
		SolutionGuid = {53AF04B9-D1A4-4C2B-926E-EA5E804A6483}
	EndGlobalSection
EndGlobal
