
Microsoft Visual Studio Solution File, Format Version 12.00
# Visual Studio Version 16
VisualStudioVersion = 16.0.29920.165
MinimumVisualStudioVersion = 10.0.40219.1
Project("{FAE04EC0-301F-11D3-BF4B-00C04F79EFBC}") = "Vezbi_svasta01", "Vezbi_svasta01\Vezbi_svasta01.csproj", "{8E484B04-4563-49DA-ADD2-7CC17163CEC8}"
EndProject
Global
	GlobalSection(SolutionConfigurationPlatforms) = preSolution
		Debug|Any CPU = Debug|Any CPU
		Release|Any CPU = Release|Any CPU
	EndGlobalSection
	GlobalSection(ProjectConfigurationPlatforms) = postSolution
		{8E484B04-4563-49DA-ADD2-7CC17163CEC8}.Debug|Any CPU.ActiveCfg = Debug|Any CPU
		{8E484B04-4563-49DA-ADD2-7CC17163CEC8}.Debug|Any CPU.Build.0 = Debug|Any CPU
		{8E484B04-4563-49DA-ADD2-7CC17163CEC8}.Release|Any CPU.ActiveCfg = Release|Any CPU
		{8E484B04-4563-49DA-ADD2-7CC17163CEC8}.Release|Any CPU.Build.0 = Release|Any CPU
	EndGlobalSection
	GlobalSection(SolutionProperties) = preSolution
		HideSolutionNode = FALSE
	EndGlobalSection
	GlobalSection(ExtensibilityGlobals) = postSolution
		SolutionGuid = {C879CDCC-BE1D-4DD9-BCF1-F431B23137A3}
	EndGlobalSection
EndGlobal
