
Microsoft Visual Studio Solution File, Format Version 12.00
# Visual Studio Version 16
VisualStudioVersion = 16.0.29920.165
MinimumVisualStudioVersion = 10.0.40219.1
Project("{9A19103F-16F7-4668-BE54-9A1E7A4F7556}") = "class_07", "class_07\class_07.csproj", "{D6933A1C-4101-4CC8-9CB7-90AD49EE0790}"
EndProject
Project("{FAE04EC0-301F-11D3-BF4B-00C04F79EFBC}") = "Subject_Services", "Subject_Services\Subject_Services.csproj", "{079ACBE6-C31B-4BAE-8F93-BBA0015C5386}"
EndProject
Global
	GlobalSection(SolutionConfigurationPlatforms) = preSolution
		Debug|Any CPU = Debug|Any CPU
		Release|Any CPU = Release|Any CPU
	EndGlobalSection
	GlobalSection(ProjectConfigurationPlatforms) = postSolution
		{D6933A1C-4101-4CC8-9CB7-90AD49EE0790}.Debug|Any CPU.ActiveCfg = Debug|Any CPU
		{D6933A1C-4101-4CC8-9CB7-90AD49EE0790}.Debug|Any CPU.Build.0 = Debug|Any CPU
		{D6933A1C-4101-4CC8-9CB7-90AD49EE0790}.Release|Any CPU.ActiveCfg = Release|Any CPU
		{D6933A1C-4101-4CC8-9CB7-90AD49EE0790}.Release|Any CPU.Build.0 = Release|Any CPU
		{079ACBE6-C31B-4BAE-8F93-BBA0015C5386}.Debug|Any CPU.ActiveCfg = Debug|Any CPU
		{079ACBE6-C31B-4BAE-8F93-BBA0015C5386}.Debug|Any CPU.Build.0 = Debug|Any CPU
		{079ACBE6-C31B-4BAE-8F93-BBA0015C5386}.Release|Any CPU.ActiveCfg = Release|Any CPU
		{079ACBE6-C31B-4BAE-8F93-BBA0015C5386}.Release|Any CPU.Build.0 = Release|Any CPU
	EndGlobalSection
	GlobalSection(SolutionProperties) = preSolution
		HideSolutionNode = FALSE
	EndGlobalSection
	GlobalSection(ExtensibilityGlobals) = postSolution
		SolutionGuid = {9ADB3727-57BD-401B-87C5-7A0AECB94DC8}
	EndGlobalSection
EndGlobal
