
Microsoft Visual Studio Solution File, Format Version 12.00
# Visual Studio Version 16
VisualStudioVersion = 16.0.29920.165
MinimumVisualStudioVersion = 10.0.40219.1
Project("{9A19103F-16F7-4668-BE54-9A1E7A4F7556}") = "ExceptionBasic", "ExceptionBasic\ExceptionBasic.csproj", "{1CA731E6-B67F-46A7-86DF-60CAADD346D4}"
EndProject
Project("{FAE04EC0-301F-11D3-BF4B-00C04F79EFBC}") = "ExceptipnsMultipleCatche", "ExceptipnsMultipleCatche\ExceptipnsMultipleCatche.csproj", "{A16C7D2B-2B5C-4E90-A3D8-1548E457F338}"
EndProject
Global
	GlobalSection(SolutionConfigurationPlatforms) = preSolution
		Debug|Any CPU = Debug|Any CPU
		Release|Any CPU = Release|Any CPU
	EndGlobalSection
	GlobalSection(ProjectConfigurationPlatforms) = postSolution
		{1CA731E6-B67F-46A7-86DF-60CAADD346D4}.Debug|Any CPU.ActiveCfg = Debug|Any CPU
		{1CA731E6-B67F-46A7-86DF-60CAADD346D4}.Debug|Any CPU.Build.0 = Debug|Any CPU
		{1CA731E6-B67F-46A7-86DF-60CAADD346D4}.Release|Any CPU.ActiveCfg = Release|Any CPU
		{1CA731E6-B67F-46A7-86DF-60CAADD346D4}.Release|Any CPU.Build.0 = Release|Any CPU
		{A16C7D2B-2B5C-4E90-A3D8-1548E457F338}.Debug|Any CPU.ActiveCfg = Debug|Any CPU
		{A16C7D2B-2B5C-4E90-A3D8-1548E457F338}.Debug|Any CPU.Build.0 = Debug|Any CPU
		{A16C7D2B-2B5C-4E90-A3D8-1548E457F338}.Release|Any CPU.ActiveCfg = Release|Any CPU
		{A16C7D2B-2B5C-4E90-A3D8-1548E457F338}.Release|Any CPU.Build.0 = Release|Any CPU
	EndGlobalSection
	GlobalSection(SolutionProperties) = preSolution
		HideSolutionNode = FALSE
	EndGlobalSection
	GlobalSection(ExtensibilityGlobals) = postSolution
		SolutionGuid = {9FE240D7-2332-4687-8D0A-727D30DF38F1}
	EndGlobalSection
EndGlobal
